{
  "name": "gimmeytmp3",
  "version": "1.0.0",
  "lockfileVersion": 3,
  "requires": true,
  "packages": {
    "": {
      "name": "gimmeytmp3",
      "version": "1.0.0",
      "license": "MIT",
      "dependencies": {
        "gimmeytmp3": "file:"
      },
      "bin": {
        "gimmeytmp3": "src/cli.js"
      },
      "engines": {
        "node": ">=16.0.0"
      }
    },
    "node_modules/gimmeytmp3": {
      "resolved": "",
      "link": true
    }
  }
}
